
Microsoft Visual Studio Solution File, Format Version 12.00
# Visual Studio Version 17
VisualStudioVersion = 17.3.32929.385
MinimumVisualStudioVersion = 10.0.40219.1
Project("{FAE04EC0-301F-11D3-BF4B-00C04F79EFBC}") = "Hw_2", "Hw_2\Hw_2.csproj", "{63FC7825-54E8-4472-B17F-697091A2FB5F}"
EndProject
Global
	GlobalSection(SolutionConfigurationPlatforms) = preSolution
		Debug|Any CPU = Debug|Any CPU
		Release|Any CPU = Release|Any CPU
	EndGlobalSection
	GlobalSection(ProjectConfigurationPlatforms) = postSolution
		{63FC7825-54E8-4472-B17F-697091A2FB5F}.Debug|Any CPU.ActiveCfg = Debug|Any CPU
		{63FC7825-54E8-4472-B17F-697091A2FB5F}.Debug|Any CPU.Build.0 = Debug|Any CPU
		{63FC7825-54E8-4472-B17F-697091A2FB5F}.Release|Any CPU.ActiveCfg = Release|Any CPU
		{63FC7825-54E8-4472-B17F-697091A2FB5F}.Release|Any CPU.Build.0 = Release|Any CPU
	EndGlobalSection
	GlobalSection(SolutionProperties) = preSolution
		HideSolutionNode = FALSE
	EndGlobalSection
	GlobalSection(ExtensibilityGlobals) = postSolution
		SolutionGuid = {4515A371-6A9D-4EF6-A965-788CFB44855E}
	EndGlobalSection
EndGlobal
